
Microsoft Visual Studio Solution File, Format Version 12.00
# Visual Studio 15
Project("{FAE04EC0-301F-11D3-BF4B-00C04F79EFBC}") = "Assembly-CSharp", "Assembly-CSharp.csproj", "{01E8B5BD-3FB5-A89C-F9C5-5E68AF47D387}"
EndProject
Project("{FAE04EC0-301F-11D3-BF4B-00C04F79EFBC}") = "Assembly-CSharp-Editor", "Assembly-CSharp-Editor.csproj", "{EBEC9C29-8DB6-7812-36F5-424C7B7A79D7}"
EndProject
Global
	GlobalSection(SolutionConfigurationPlatforms) = preSolution
		Debug|Any CPU = Debug|Any CPU
		Release|Any CPU = Release|Any CPU
	EndGlobalSection
	GlobalSection(ProjectConfigurationPlatforms) = postSolution
		{01E8B5BD-3FB5-A89C-F9C5-5E68AF47D387}.Debug|Any CPU.ActiveCfg = Debug|Any CPU
		{01E8B5BD-3FB5-A89C-F9C5-5E68AF47D387}.Debug|Any CPU.Build.0 = Debug|Any CPU
		{01E8B5BD-3FB5-A89C-F9C5-5E68AF47D387}.Release|Any CPU.ActiveCfg = Release|Any CPU
		{01E8B5BD-3FB5-A89C-F9C5-5E68AF47D387}.Release|Any CPU.Build.0 = Release|Any CPU
		{EBEC9C29-8DB6-7812-36F5-424C7B7A79D7}.Debug|Any CPU.ActiveCfg = Debug|Any CPU
		{EBEC9C29-8DB6-7812-36F5-424C7B7A79D7}.Debug|Any CPU.Build.0 = Debug|Any CPU
		{EBEC9C29-8DB6-7812-36F5-424C7B7A79D7}.Release|Any CPU.ActiveCfg = Release|Any CPU
		{EBEC9C29-8DB6-7812-36F5-424C7B7A79D7}.Release|Any CPU.Build.0 = Release|Any CPU
	EndGlobalSection
	GlobalSection(SolutionProperties) = preSolution
		HideSolutionNode = FALSE
	EndGlobalSection
EndGlobal
